
Microsoft Visual Studio Solution File, Format Version 12.00
# Visual Studio Version 16
VisualStudioVersion = 16.0.29905.134
MinimumVisualStudioVersion = 10.0.40219.1
Project("{FAE04EC0-301F-11D3-BF4B-00C04F79EFBC}") = "RecipeBookUI", "RecipeBookUI\RecipeBookUI.csproj", "{7E57EC51-8974-4C43-AE54-10C0E7EE8F47}"
EndProject
Project("{FAE04EC0-301F-11D3-BF4B-00C04F79EFBC}") = "RecipeBookLibrary", "RecipeBookLibrary\RecipeBookLibrary.csproj", "{D4ACF915-AAB3-47B1-82D8-D9C48F1A5CEE}"
EndProject
Global
	GlobalSection(SolutionConfigurationPlatforms) = preSolution
		Debug|Any CPU = Debug|Any CPU
		Release|Any CPU = Release|Any CPU
	EndGlobalSection
	GlobalSection(ProjectConfigurationPlatforms) = postSolution
		{7E57EC51-8974-4C43-AE54-10C0E7EE8F47}.Debug|Any CPU.ActiveCfg = Debug|Any CPU
		{7E57EC51-8974-4C43-AE54-10C0E7EE8F47}.Debug|Any CPU.Build.0 = Debug|Any CPU
		{7E57EC51-8974-4C43-AE54-10C0E7EE8F47}.Release|Any CPU.ActiveCfg = Release|Any CPU
		{7E57EC51-8974-4C43-AE54-10C0E7EE8F47}.Release|Any CPU.Build.0 = Release|Any CPU
		{D4ACF915-AAB3-47B1-82D8-D9C48F1A5CEE}.Debug|Any CPU.ActiveCfg = Debug|Any CPU
		{D4ACF915-AAB3-47B1-82D8-D9C48F1A5CEE}.Debug|Any CPU.Build.0 = Debug|Any CPU
		{D4ACF915-AAB3-47B1-82D8-D9C48F1A5CEE}.Release|Any CPU.ActiveCfg = Release|Any CPU
		{D4ACF915-AAB3-47B1-82D8-D9C48F1A5CEE}.Release|Any CPU.Build.0 = Release|Any CPU
	EndGlobalSection
	GlobalSection(SolutionProperties) = preSolution
		HideSolutionNode = FALSE
	EndGlobalSection
	GlobalSection(ExtensibilityGlobals) = postSolution
		SolutionGuid = {D0F4C82C-EBE8-426F-AC02-1C97EC379D91}
	EndGlobalSection
EndGlobal
